
Microsoft Visual Studio Solution File, Format Version 12.00
# Visual Studio Version 17
VisualStudioVersion = 17.7.34221.43
MinimumVisualStudioVersion = 10.0.40219.1
Project("{FAE04EC0-301F-11D3-BF4B-00C04F79EFBC}") = "LKS2023_AMINN", "LKS2023_AMINN.csproj", "{B80FF842-9BF4-4810-AE1F-92C5131A9B77}"
EndProject
Global
	GlobalSection(SolutionConfigurationPlatforms) = preSolution
		Debug|Any CPU = Debug|Any CPU
		Release|Any CPU = Release|Any CPU
	EndGlobalSection
	GlobalSection(ProjectConfigurationPlatforms) = postSolution
		{B80FF842-9BF4-4810-AE1F-92C5131A9B77}.Debug|Any CPU.ActiveCfg = Debug|Any CPU
		{B80FF842-9BF4-4810-AE1F-92C5131A9B77}.Debug|Any CPU.Build.0 = Debug|Any CPU
		{B80FF842-9BF4-4810-AE1F-92C5131A9B77}.Release|Any CPU.ActiveCfg = Release|Any CPU
		{B80FF842-9BF4-4810-AE1F-92C5131A9B77}.Release|Any CPU.Build.0 = Release|Any CPU
	EndGlobalSection
	GlobalSection(SolutionProperties) = preSolution
		HideSolutionNode = FALSE
	EndGlobalSection
	GlobalSection(ExtensibilityGlobals) = postSolution
		SolutionGuid = {FE778CD5-D8BE-4B61-B56F-78C814F32E12}
	EndGlobalSection
EndGlobal
